
Microsoft Visual Studio Solution File, Format Version 12.00
# Visual Studio Version 17
VisualStudioVersion = 17.14.36109.1 d17.14
MinimumVisualStudioVersion = 10.0.40219.1
Project("{2150E333-8FDC-42A3-9474-1A3956D46DE8}") = "Services", "Services", "{02EA681E-C7D8-13C7-8484-4AC65E1B71E8}"
EndProject
Project("{2150E333-8FDC-42A3-9474-1A3956D46DE8}") = "Catalog", "Catalog", "{FFCC0CDC-34E7-4D78-9396-39690502AFED}"
EndProject
Project("{FAE04EC0-301F-11D3-BF4B-00C04F79EFBC}") = "CourseMarket.Services.Catalog", "Services\Catalog\CourseMarket.Services.Catalog\CourseMarket.Services.Catalog.csproj", "{5C472876-02EF-4C40-9DB1-5F69991105F1}"
EndProject
Project("{2150E333-8FDC-42A3-9474-1A3956D46DE8}") = "Shared", "Shared", "{16686969-1EBC-43C0-8988-0D3C356449C9}"
EndProject
Global
	GlobalSection(SolutionConfigurationPlatforms) = preSolution
		Debug|Any CPU = Debug|Any CPU
		Release|Any CPU = Release|Any CPU
	EndGlobalSection
	GlobalSection(ProjectConfigurationPlatforms) = postSolution
		{5C472876-02EF-4C40-9DB1-5F69991105F1}.Debug|Any CPU.ActiveCfg = Debug|Any CPU
		{5C472876-02EF-4C40-9DB1-5F69991105F1}.Debug|Any CPU.Build.0 = Debug|Any CPU
		{5C472876-02EF-4C40-9DB1-5F69991105F1}.Release|Any CPU.ActiveCfg = Release|Any CPU
		{5C472876-02EF-4C40-9DB1-5F69991105F1}.Release|Any CPU.Build.0 = Release|Any CPU
	EndGlobalSection
	GlobalSection(SolutionProperties) = preSolution
		HideSolutionNode = FALSE
	EndGlobalSection
	GlobalSection(NestedProjects) = preSolution
		{FFCC0CDC-34E7-4D78-9396-39690502AFED} = {02EA681E-C7D8-13C7-8484-4AC65E1B71E8}
		{5C472876-02EF-4C40-9DB1-5F69991105F1} = {FFCC0CDC-34E7-4D78-9396-39690502AFED}
	EndGlobalSection
	GlobalSection(ExtensibilityGlobals) = postSolution
		SolutionGuid = {FE587FEF-C337-4FC0-89E9-1C029902CCFC}
	EndGlobalSection
EndGlobal
